// !$*UTF8*$!
{
	archiveVersion = 1;
	classes = {
	};
	objectVersion = 46;
	objects = {

/* Begin PBXBuildFile section */
		C600B5C22004EEA700A77497 /* ArrayTechTests.swift in Sources */ = {isa = PBXBuildFile; fileRef = C600B5C12004EEA700A77497 /* ArrayTechTests.swift */; };
		C6142F8A2004DFF300D5DC60 /* Array Techniques.swift in Sources */ = {isa = PBXBuildFile; fileRef = C6142F892004DFF300D5DC60 /* Array Techniques.swift */; };
		C644304F207CCBEC005DE85D /* Sorting Algorithms.swift in Sources */ = {isa = PBXBuildFile; fileRef = C644304E207CCBEC005DE85D /* Sorting Algorithms.swift */; };
		C6443053207CD40B005DE85D /* SortingAlgorithmsTest.swift in Sources */ = {isa = PBXBuildFile; fileRef = C6443052207CD40B005DE85D /* SortingAlgorithmsTest.swift */; };
		C6B431AF1FA0A6E400C6CCB4 /* FactoringMethods.swift in Sources */ = {isa = PBXBuildFile; fileRef = C6B431AE1FA0A6E400C6CCB4 /* FactoringMethods.swift */; };
		C6B431B11FA0A70F00C6CCB4 /* FactoringMethodsTests.swift in Sources */ = {isa = PBXBuildFile; fileRef = C6B431B01FA0A70F00C6CCB4 /* FactoringMethodsTests.swift */; };
		C6C3F5411F915AB700B93619 /* AppDelegate.swift in Sources */ = {isa = PBXBuildFile; fileRef = C6C3F5401F915AB700B93619 /* AppDelegate.swift */; };
		C6C3F5431F915AB700B93619 /* ViewController.swift in Sources */ = {isa = PBXBuildFile; fileRef = C6C3F5421F915AB700B93619 /* ViewController.swift */; };
		C6C3F5461F915AB700B93619 /* Main.storyboard in Resources */ = {isa = PBXBuildFile; fileRef = C6C3F5441F915AB700B93619 /* Main.storyboard */; };
		C6C3F5481F915AB700B93619 /* Assets.xcassets in Resources */ = {isa = PBXBuildFile; fileRef = C6C3F5471F915AB700B93619 /* Assets.xcassets */; };
		C6C3F54B1F915AB700B93619 /* LaunchScreen.storyboard in Resources */ = {isa = PBXBuildFile; fileRef = C6C3F5491F915AB700B93619 /* LaunchScreen.storyboard */; };
		C6C3F5551F915BCA00B93619 /* FundamentalAlgs.swift in Sources */ = {isa = PBXBuildFile; fileRef = C6C3F5541F915BCA00B93619 /* FundamentalAlgs.swift */; };
		C6E8D3C31F91686800F6ABB7 /* How_To_Solve_It_By_ComputerTests.swift in Sources */ = {isa = PBXBuildFile; fileRef = C6E8D3C21F91686800F6ABB7 /* How_To_Solve_It_By_ComputerTests.swift */; };
		C6E8D3CB1F9168F100F6ABB7 /* FundamentalAlgsTest.swift in Sources */ = {isa = PBXBuildFile; fileRef = C6E8D3CA1F9168F100F6ABB7 /* FundamentalAlgsTest.swift */; };
/* End PBXBuildFile section */

/* Begin PBXContainerItemProxy section */
		C6E8D3C51F91686800F6ABB7 /* PBXContainerItemProxy */ = {
			isa = PBXContainerItemProxy;
			containerPortal = C6C3F5351F915AB700B93619 /* Project object */;
			proxyType = 1;
			remoteGlobalIDString = C6C3F53C1F915AB700B93619;
			remoteInfo = "How To Solve It By Computer";
		};
/* End PBXContainerItemProxy section */

/* Begin PBXFileReference section */
		C600B5C12004EEA700A77497 /* ArrayTechTests.swift */ = {isa = PBXFileReference; lastKnownFileType = sourcecode.swift; path = ArrayTechTests.swift; sourceTree = "<group>"; };
		C6142F892004DFF300D5DC60 /* Array Techniques.swift */ = {isa = PBXFileReference; lastKnownFileType = sourcecode.swift; path = "Array Techniques.swift"; sourceTree = "<group>"; };
		C644304E207CCBEC005DE85D /* Sorting Algorithms.swift */ = {isa = PBXFileReference; lastKnownFileType = sourcecode.swift; path = "Sorting Algorithms.swift"; sourceTree = "<group>"; };
		C6443052207CD40B005DE85D /* SortingAlgorithmsTest.swift */ = {isa = PBXFileReference; lastKnownFileType = sourcecode.swift; path = SortingAlgorithmsTest.swift; sourceTree = "<group>"; };
		C6B431AE1FA0A6E400C6CCB4 /* FactoringMethods.swift */ = {isa = PBXFileReference; lastKnownFileType = sourcecode.swift; path = FactoringMethods.swift; sourceTree = "<group>"; };
		C6B431B01FA0A70F00C6CCB4 /* FactoringMethodsTests.swift */ = {isa = PBXFileReference; lastKnownFileType = sourcecode.swift; path = FactoringMethodsTests.swift; sourceTree = "<group>"; };
		C6C3F53D1F915AB700B93619 /* How To Solve It By Computer.app */ = {isa = PBXFileReference; explicitFileType = wrapper.application; includeInIndex = 0; path = "How To Solve It By Computer.app"; sourceTree = BUILT_PRODUCTS_DIR; };
		C6C3F5401F915AB700B93619 /* AppDelegate.swift */ = {isa = PBXFileReference; lastKnownFileType = sourcecode.swift; name = AppDelegate.swift; path = AppDelegate/AppDelegate.swift; sourceTree = "<group>"; };
		C6C3F5421F915AB700B93619 /* ViewController.swift */ = {isa = PBXFileReference; lastKnownFileType = sourcecode.swift; path = ViewController.swift; sourceTree = "<group>"; };
		C6C3F5451F915AB700B93619 /* Base */ = {isa = PBXFileReference; lastKnownFileType = file.storyboard; name = Base; path = Base.lproj/Main.storyboard; sourceTree = "<group>"; };
		C6C3F5471F915AB700B93619 /* Assets.xcassets */ = {isa = PBXFileReference; lastKnownFileType = folder.assetcatalog; path = Assets.xcassets; sourceTree = "<group>"; };
		C6C3F54A1F915AB700B93619 /* Base */ = {isa = PBXFileReference; lastKnownFileType = file.storyboard; name = Base; path = Base.lproj/LaunchScreen.storyboard; sourceTree = "<group>"; };
		C6C3F54C1F915AB700B93619 /* Info.plist */ = {isa = PBXFileReference; lastKnownFileType = text.plist.xml; path = Info.plist; sourceTree = "<group>"; };
		C6C3F5541F915BCA00B93619 /* FundamentalAlgs.swift */ = {isa = PBXFileReference; fileEncoding = 4; lastKnownFileType = sourcecode.swift; name = FundamentalAlgs.swift; path = "Fundamental Algorithms/FundamentalAlgs.swift"; sourceTree = "<group>"; };
		C6E8D3C01F91686800F6ABB7 /* How To Solve It By ComputerTests.xctest */ = {isa = PBXFileReference; explicitFileType = wrapper.cfbundle; includeInIndex = 0; path = "How To Solve It By ComputerTests.xctest"; sourceTree = BUILT_PRODUCTS_DIR; };
		C6E8D3C21F91686800F6ABB7 /* How_To_Solve_It_By_ComputerTests.swift */ = {isa = PBXFileReference; lastKnownFileType = sourcecode.swift; path = How_To_Solve_It_By_ComputerTests.swift; sourceTree = "<group>"; };
		C6E8D3C41F91686800F6ABB7 /* Info.plist */ = {isa = PBXFileReference; lastKnownFileType = text.plist.xml; path = Info.plist; sourceTree = "<group>"; };
		C6E8D3CA1F9168F100F6ABB7 /* FundamentalAlgsTest.swift */ = {isa = PBXFileReference; fileEncoding = 4; lastKnownFileType = sourcecode.swift; path = FundamentalAlgsTest.swift; sourceTree = "<group>"; };
/* End PBXFileReference section */

/* Begin PBXFrameworksBuildPhase section */
		C6C3F53A1F915AB700B93619 /* Frameworks */ = {
			isa = PBXFrameworksBuildPhase;
			buildActionMask = 2147483647;
			files = (
			);
			runOnlyForDeploymentPostprocessing = 0;
		};
		C6E8D3BD1F91686800F6ABB7 /* Frameworks */ = {
			isa = PBXFrameworksBuildPhase;
			buildActionMask = 2147483647;
			files = (
			);
			runOnlyForDeploymentPostprocessing = 0;
		};
/* End PBXFrameworksBuildPhase section */

/* Begin PBXGroup section */
		C6142F882004DFD500D5DC60 /* Array Techniques */ = {
			isa = PBXGroup;
			children = (
				C6142F892004DFF300D5DC60 /* Array Techniques.swift */,
			);
			path = "Array Techniques";
			sourceTree = "<group>";
		};
		C644304D207CCBCD005DE85D /* Sorting Algorithms */ = {
			isa = PBXGroup;
			children = (
				C644304E207CCBEC005DE85D /* Sorting Algorithms.swift */,
			);
			path = "Sorting Algorithms";
			sourceTree = "<group>";
		};
		C6B431AB1FA0A69D00C6CCB4 /* Factoring Methods */ = {
			isa = PBXGroup;
			children = (
				C6B431AE1FA0A6E400C6CCB4 /* FactoringMethods.swift */,
			);
			path = "Factoring Methods";
			sourceTree = "<group>";
		};
		C6C3F5341F915AB700B93619 = {
			isa = PBXGroup;
			children = (
				C6C3F53F1F915AB700B93619 /* How To Solve It By Computer */,
				C6E8D3C11F91686800F6ABB7 /* How To Solve It By ComputerTests */,
				C6C3F53E1F915AB700B93619 /* Products */,
			);
			sourceTree = "<group>";
		};
		C6C3F53E1F915AB700B93619 /* Products */ = {
			isa = PBXGroup;
			children = (
				C6C3F53D1F915AB700B93619 /* How To Solve It By Computer.app */,
				C6E8D3C01F91686800F6ABB7 /* How To Solve It By ComputerTests.xctest */,
			);
			name = Products;
			sourceTree = "<group>";
		};
		C6C3F53F1F915AB700B93619 /* How To Solve It By Computer */ = {
			isa = PBXGroup;
			children = (
				C644304D207CCBCD005DE85D /* Sorting Algorithms */,
				C6C3F5531F915AF500B93619 /* AppDelegate */,
				C6C3F5421F915AB700B93619 /* ViewController.swift */,
				C6142F882004DFD500D5DC60 /* Array Techniques */,
				C6C3F5561F915BCF00B93619 /* Fundamental Algorithms */,
				C6B431AB1FA0A69D00C6CCB4 /* Factoring Methods */,
				C6C3F5521F915AE800B93619 /* Unused Files */,
				C6C3F54C1F915AB700B93619 /* Info.plist */,
			);
			path = "How To Solve It By Computer";
			sourceTree = "<group>";
		};
		C6C3F5521F915AE800B93619 /* Unused Files */ = {
			isa = PBXGroup;
			children = (
				C6C3F5441F915AB700B93619 /* Main.storyboard */,
				C6C3F5471F915AB700B93619 /* Assets.xcassets */,
				C6C3F5491F915AB700B93619 /* LaunchScreen.storyboard */,
			);
			name = "Unused Files";
			sourceTree = "<group>";
		};
		C6C3F5531F915AF500B93619 /* AppDelegate */ = {
			isa = PBXGroup;
			children = (
				C6C3F5401F915AB700B93619 /* AppDelegate.swift */,
			);
			name = AppDelegate;
			sourceTree = "<group>";
		};
		C6C3F5561F915BCF00B93619 /* Fundamental Algorithms */ = {
			isa = PBXGroup;
			children = (
				C6C3F5541F915BCA00B93619 /* FundamentalAlgs.swift */,
			);
			name = "Fundamental Algorithms";
			sourceTree = "<group>";
		};
		C6E8D3C11F91686800F6ABB7 /* How To Solve It By ComputerTests */ = {
			isa = PBXGroup;
			children = (
				C6E8D3C21F91686800F6ABB7 /* How_To_Solve_It_By_ComputerTests.swift */,
				C6E8D3C41F91686800F6ABB7 /* Info.plist */,
				C6E8D3CA1F9168F100F6ABB7 /* FundamentalAlgsTest.swift */,
				C6B431B01FA0A70F00C6CCB4 /* FactoringMethodsTests.swift */,
				C600B5C12004EEA700A77497 /* ArrayTechTests.swift */,
				C6443052207CD40B005DE85D /* SortingAlgorithmsTest.swift */,
			);
			path = "How To Solve It By ComputerTests";
			sourceTree = "<group>";
		};
/* End PBXGroup section */

/* Begin PBXNativeTarget section */
		C6C3F53C1F915AB700B93619 /* How To Solve It By Computer */ = {
			isa = PBXNativeTarget;
			buildConfigurationList = C6C3F54F1F915AB700B93619 /* Build configuration list for PBXNativeTarget "How To Solve It By Computer" */;
			buildPhases = (
				C6C3F5391F915AB700B93619 /* Sources */,
				C6C3F53A1F915AB700B93619 /* Frameworks */,
				C6C3F53B1F915AB700B93619 /* Resources */,
			);
			buildRules = (
			);
			dependencies = (
			);
			name = "How To Solve It By Computer";
			productName = "How To Solve It By Computer";
			productReference = C6C3F53D1F915AB700B93619 /* How To Solve It By Computer.app */;
			productType = "com.apple.product-type.application";
		};
		C6E8D3BF1F91686800F6ABB7 /* How To Solve It By ComputerTests */ = {
			isa = PBXNativeTarget;
			buildConfigurationList = C6E8D3C71F91686800F6ABB7 /* Build configuration list for PBXNativeTarget "How To Solve It By ComputerTests" */;
			buildPhases = (
				C6E8D3BC1F91686800F6ABB7 /* Sources */,
				C6E8D3BD1F91686800F6ABB7 /* Frameworks */,
				C6E8D3BE1F91686800F6ABB7 /* Resources */,
			);
			buildRules = (
			);
			dependencies = (
				C6E8D3C61F91686800F6ABB7 /* PBXTargetDependency */,
			);
			name = "How To Solve It By ComputerTests";
			productName = "How To Solve It By ComputerTests";
			productReference = C6E8D3C01F91686800F6ABB7 /* How To Solve It By ComputerTests.xctest */;
			productType = "com.apple.product-type.bundle.unit-test";
		};
/* End PBXNativeTarget section */

/* Begin PBXProject section */
		C6C3F5351F915AB700B93619 /* Project object */ = {
			isa = PBXProject;
			attributes = {
				LastSwiftUpdateCheck = 0830;
				LastUpgradeCheck = 0930;
				ORGANIZATIONNAME = "Dragoman Developers";
				TargetAttributes = {
					C6C3F53C1F915AB700B93619 = {
						CreatedOnToolsVersion = 8.3.3;
						DevelopmentTeam = XYW89PFS48;
						LastSwiftMigration = 0900;
						ProvisioningStyle = Automatic;
					};
					C6E8D3BF1F91686800F6ABB7 = {
						CreatedOnToolsVersion = 8.3.3;
						DevelopmentTeam = XYW89PFS48;
						LastSwiftMigration = 0900;
						ProvisioningStyle = Automatic;
						TestTargetID = C6C3F53C1F915AB700B93619;
					};
				};
			};
			buildConfigurationList = C6C3F5381F915AB700B93619 /* Build configuration list for PBXProject "How To Solve It By Computer" */;
			compatibilityVersion = "Xcode 3.2";
			developmentRegion = English;
			hasScannedForEncodings = 0;
			knownRegions = (
				en,
				Base,
			);
			mainGroup = C6C3F5341F915AB700B93619;
			productRefGroup = C6C3F53E1F915AB700B93619 /* Products */;
			projectDirPath = "";
			projectRoot = "";
			targets = (
				C6C3F53C1F915AB700B93619 /* How To Solve It By Computer */,
				C6E8D3BF1F91686800F6ABB7 /* How To Solve It By ComputerTests */,
			);
		};
/* End PBXProject section */

/* Begin PBXResourcesBuildPhase section */
		C6C3F53B1F915AB700B93619 /* Resources */ = {
			isa = PBXResourcesBuildPhase;
			buildActionMask = 2147483647;
			files = (
				C6C3F54B1F915AB700B93619 /* LaunchScreen.storyboard in Resources */,
				C6C3F5481F915AB700B93619 /* Assets.xcassets in Resources */,
				C6C3F5461F915AB700B93619 /* Main.storyboard in Resources */,
			);
			runOnlyForDeploymentPostprocessing = 0;
		};
		C6E8D3BE1F91686800F6ABB7 /* Resources */ = {
			isa = PBXResourcesBuildPhase;
			buildActionMask = 2147483647;
			files = (
			);
			runOnlyForDeploymentPostprocessing = 0;
		};
/* End PBXResourcesBuildPhase section */

/* Begin PBXSourcesBuildPhase section */
		C6C3F5391F915AB700B93619 /* Sources */ = {
			isa = PBXSourcesBuildPhase;
			buildActionMask = 2147483647;
			files = (
				C6C3F5551F915BCA00B93619 /* FundamentalAlgs.swift in Sources */,
				C6C3F5431F915AB700B93619 /* ViewController.swift in Sources */,
				C6142F8A2004DFF300D5DC60 /* Array Techniques.swift in Sources */,
				C644304F207CCBEC005DE85D /* Sorting Algorithms.swift in Sources */,
				C6B431AF1FA0A6E400C6CCB4 /* FactoringMethods.swift in Sources */,
				C6C3F5411F915AB700B93619 /* AppDelegate.swift in Sources */,
			);
			runOnlyForDeploymentPostprocessing = 0;
		};
		C6E8D3BC1F91686800F6ABB7 /* Sources */ = {
			isa = PBXSourcesBuildPhase;
			buildActionMask = 2147483647;
			files = (
				C6443053207CD40B005DE85D /* SortingAlgorithmsTest.swift in Sources */,
				C6E8D3CB1F9168F100F6ABB7 /* FundamentalAlgsTest.swift in Sources */,
				C600B5C22004EEA700A77497 /* ArrayTechTests.swift in Sources */,
				C6B431B11FA0A70F00C6CCB4 /* FactoringMethodsTests.swift in Sources */,
				C6E8D3C31F91686800F6ABB7 /* How_To_Solve_It_By_ComputerTests.swift in Sources */,
			);
			runOnlyForDeploymentPostprocessing = 0;
		};
/* End PBXSourcesBuildPhase section */

/* Begin PBXTargetDependency section */
		C6E8D3C61F91686800F6ABB7 /* PBXTargetDependency */ = {
			isa = PBXTargetDependency;
			target = C6C3F53C1F915AB700B93619 /* How To Solve It By Computer */;
			targetProxy = C6E8D3C51F91686800F6ABB7 /* PBXContainerItemProxy */;
		};
/* End PBXTargetDependency section */

/* Begin PBXVariantGroup section */
		C6C3F5441F915AB700B93619 /* Main.storyboard */ = {
			isa = PBXVariantGroup;
			children = (
				C6C3F5451F915AB700B93619 /* Base */,
			);
			name = Main.storyboard;
			sourceTree = "<group>";
		};
		C6C3F5491F915AB700B93619 /* LaunchScreen.storyboard */ = {
			isa = PBXVariantGroup;
			children = (
				C6C3F54A1F915AB700B93619 /* Base */,
			);
			name = LaunchScreen.storyboard;
			sourceTree = "<group>";
		};
/* End PBXVariantGroup section */

/* Begin XCBuildConfiguration section */
		C6C3F54D1F915AB700B93619 /* Debug */ = {
			isa = XCBuildConfiguration;
			buildSettings = {
				ALWAYS_SEARCH_USER_PATHS = NO;
				CLANG_ANALYZER_NONNULL = YES;
				CLANG_ANALYZER_NUMBER_OBJECT_CONVERSION = YES_AGGRESSIVE;
				CLANG_CXX_LANGUAGE_STANDARD = "gnu++0x";
				CLANG_CXX_LIBRARY = "libc++";
				CLANG_ENABLE_MODULES = YES;
				CLANG_ENABLE_OBJC_ARC = YES;
				CLANG_WARN_BLOCK_CAPTURE_AUTORELEASING = YES;
				CLANG_WARN_BOOL_CONVERSION = YES;
				CLANG_WARN_COMMA = YES;
				CLANG_WARN_CONSTANT_CONVERSION = YES;
				CLANG_WARN_DEPRECATED_OBJC_IMPLEMENTATIONS = YES;
				CLANG_WARN_DIRECT_OBJC_ISA_USAGE = YES_ERROR;
				CLANG_WARN_DOCUMENTATION_COMMENTS = YES;
				CLANG_WARN_EMPTY_BODY = YES;
				CLANG_WARN_ENUM_CONVERSION = YES;
				CLANG_WARN_INFINITE_RECURSION = YES;
				CLANG_WARN_INT_CONVERSION = YES;
				CLANG_WARN_NON_LITERAL_NULL_CONVERSION = YES;
				CLANG_WARN_OBJC_IMPLICIT_RETAIN_SELF = YES;
				CLANG_WARN_OBJC_LITERAL_CONVERSION = YES;
				CLANG_WARN_OBJC_ROOT_CLASS = YES_ERROR;
				CLANG_WARN_RANGE_LOOP_ANALYSIS = YES;
				CLANG_WARN_STRICT_PROTOTYPES = YES;
				CLANG_WARN_SUSPICIOUS_MOVE = YES;
				CLANG_WARN_UNREACHABLE_CODE = YES;
				CLANG_WARN__DUPLICATE_METHOD_MATCH = YES;
				"CODE_SIGN_IDENTITY[sdk=iphoneos*]" = "iPhone Developer";
				COPY_PHASE_STRIP = NO;
				DEBUG_INFORMATION_FORMAT = dwarf;
				ENABLE_STRICT_OBJC_MSGSEND = YES;
				ENABLE_TESTABILITY = YES;
				GCC_C_LANGUAGE_STANDARD = gnu99;
				GCC_DYNAMIC_NO_PIC = NO;
				GCC_NO_COMMON_BLOCKS = YES;
				GCC_OPTIMIZATION_LEVEL = 0;
				GCC_PREPROCESSOR_DEFINITIONS = (
					"DEBUG=1",
					"$(inherited)",
				);
				GCC_WARN_64_TO_32_BIT_CONVERSION = YES;
				GCC_WARN_ABOUT_RETURN_TYPE = YES_ERROR;
				GCC_WARN_UNDECLARED_SELECTOR = YES;
				GCC_WARN_UNINITIALIZED_AUTOS = YES_AGGRESSIVE;
				GCC_WARN_UNUSED_FUNCTION = YES;
				GCC_WARN_UNUSED_VARIABLE = YES;
				IPHONEOS_DEPLOYMENT_TARGET = 10.3;
				MTL_ENABLE_DEBUG_INFO = YES;
				ONLY_ACTIVE_ARCH = YES;
				SDKROOT = iphoneos;
				SWIFT_ACTIVE_COMPILATION_CONDITIONS = DEBUG;
				SWIFT_OPTIMIZATION_LEVEL = "-Onone";
			};
			name = Debug;
		};
		C6C3F54E1F915AB700B93619 /* Release */ = {
			isa = XCBuildConfiguration;
			buildSettings = {
				ALWAYS_SEARCH_USER_PATHS = NO;
				CLANG_ANALYZER_NONNULL = YES;
				CLANG_ANALYZER_NUMBER_OBJECT_CONVERSION = YES_AGGRESSIVE;
				CLANG_CXX_LANGUAGE_STANDARD = "gnu++0x";
				CLANG_CXX_LIBRARY = "libc++";
				CLANG_ENABLE_MODULES = YES;
				CLANG_ENABLE_OBJC_ARC = YES;
				CLANG_WARN_BLOCK_CAPTURE_AUTORELEASING = YES;
				CLANG_WARN_BOOL_CONVERSION = YES;
				CLANG_WARN_COMMA = YES;
				CLANG_WARN_CONSTANT_CONVERSION = YES;
				CLANG_WARN_DEPRECATED_OBJC_IMPLEMENTATIONS = YES;
				CLANG_WARN_DIRECT_OBJC_ISA_USAGE = YES_ERROR;
				CLANG_WARN_DOCUMENTATION_COMMENTS = YES;
				CLANG_WARN_EMPTY_BODY = YES;
				CLANG_WARN_ENUM_CONVERSION = YES;
				CLANG_WARN_INFINITE_RECURSION = YES;
				CLANG_WARN_INT_CONVERSION = YES;
				CLANG_WARN_NON_LITERAL_NULL_CONVERSION = YES;
				CLANG_WARN_OBJC_IMPLICIT_RETAIN_SELF = YES;
				CLANG_WARN_OBJC_LITERAL_CONVERSION = YES;
				CLANG_WARN_OBJC_ROOT_CLASS = YES_ERROR;
				CLANG_WARN_RANGE_LOOP_ANALYSIS = YES;
				CLANG_WARN_STRICT_PROTOTYPES = YES;
				CLANG_WARN_SUSPICIOUS_MOVE = YES;
				CLANG_WARN_UNREACHABLE_CODE = YES;
				CLANG_WARN__DUPLICATE_METHOD_MATCH = YES;
				"CODE_SIGN_IDENTITY[sdk=iphoneos*]" = "iPhone Developer";
				COPY_PHASE_STRIP = NO;
				DEBUG_INFORMATION_FORMAT = "dwarf-with-dsym";
				ENABLE_NS_ASSERTIONS = NO;
				ENABLE_STRICT_OBJC_MSGSEND = YES;
				GCC_C_LANGUAGE_STANDARD = gnu99;
				GCC_NO_COMMON_BLOCKS = YES;
				GCC_WARN_64_TO_32_BIT_CONVERSION = YES;
				GCC_WARN_ABOUT_RETURN_TYPE = YES_ERROR;
				GCC_WARN_UNDECLARED_SELECTOR = YES;
				GCC_WARN_UNINITIALIZED_AUTOS = YES_AGGRESSIVE;
				GCC_WARN_UNUSED_FUNCTION = YES;
				GCC_WARN_UNUSED_VARIABLE = YES;
				IPHONEOS_DEPLOYMENT_TARGET = 10.3;
				MTL_ENABLE_DEBUG_INFO = NO;
				SDKROOT = iphoneos;
				SWIFT_OPTIMIZATION_LEVEL = "-Owholemodule";
				VALIDATE_PRODUCT = YES;
			};
			name = Release;
		};
		C6C3F5501F915AB700B93619 /* Debug */ = {
			isa = XCBuildConfiguration;
			buildSettings = {
				ASSETCATALOG_COMPILER_APPICON_NAME = AppIcon;
				DEVELOPMENT_TEAM = XYW89PFS48;
				INFOPLIST_FILE = "How To Solve It By Computer/Info.plist";
				LD_RUNPATH_SEARCH_PATHS = "$(inherited) @executable_path/Frameworks";
				PRODUCT_BUNDLE_IDENTIFIER = "com.dragomandevelopers.How-To-Solve-It-By-Computer";
				PRODUCT_NAME = "$(TARGET_NAME)";
				SWIFT_SWIFT3_OBJC_INFERENCE = Default;
				SWIFT_VERSION = 4.0;
			};
			name = Debug;
		};
		C6C3F5511F915AB700B93619 /* Release */ = {
			isa = XCBuildConfiguration;
			buildSettings = {
				ASSETCATALOG_COMPILER_APPICON_NAME = AppIcon;
				DEVELOPMENT_TEAM = XYW89PFS48;
				INFOPLIST_FILE = "How To Solve It By Computer/Info.plist";
				LD_RUNPATH_SEARCH_PATHS = "$(inherited) @executable_path/Frameworks";
				PRODUCT_BUNDLE_IDENTIFIER = "com.dragomandevelopers.How-To-Solve-It-By-Computer";
				PRODUCT_NAME = "$(TARGET_NAME)";
				SWIFT_SWIFT3_OBJC_INFERENCE = Default;
				SWIFT_VERSION = 4.0;
			};
			name = Release;
		};
		C6E8D3C81F91686800F6ABB7 /* Debug */ = {
			isa = XCBuildConfiguration;
			buildSettings = {
				BUNDLE_LOADER = "$(TEST_HOST)";
				DEVELOPMENT_TEAM = XYW89PFS48;
				INFOPLIST_FILE = "How To Solve It By ComputerTests/Info.plist";
				LD_RUNPATH_SEARCH_PATHS = "$(inherited) @executable_path/Frameworks @loader_path/Frameworks";
				PRODUCT_BUNDLE_IDENTIFIER = "com.dragomandevelopers.How-To-Solve-It-By-ComputerTests";
				PRODUCT_NAME = "$(TARGET_NAME)";
				SWIFT_SWIFT3_OBJC_INFERENCE = Default;
				SWIFT_VERSION = 4.0;
				TEST_HOST = "$(BUILT_PRODUCTS_DIR)/How To Solve It By Computer.app/How To Solve It By Computer";
			};
			name = Debug;
		};
		C6E8D3C91F91686800F6ABB7 /* Release */ = {
			isa = XCBuildConfiguration;
			buildSettings = {
				BUNDLE_LOADER = "$(TEST_HOST)";
				DEVELOPMENT_TEAM = XYW89PFS48;
				INFOPLIST_FILE = "How To Solve It By ComputerTests/Info.plist";
				LD_RUNPATH_SEARCH_PATHS = "$(inherited) @executable_path/Frameworks @loader_path/Frameworks";
				PRODUCT_BUNDLE_IDENTIFIER = "com.dragomandevelopers.How-To-Solve-It-By-ComputerTests";
				PRODUCT_NAME = "$(TARGET_NAME)";
				SWIFT_SWIFT3_OBJC_INFERENCE = Default;
				SWIFT_VERSION = 4.0;
				TEST_HOST = "$(BUILT_PRODUCTS_DIR)/How To Solve It By Computer.app/How To Solve It By Computer";
			};
			name = Release;
		};
/* End XCBuildConfiguration section */

/* Begin XCConfigurationList section */
		C6C3F5381F915AB700B93619 /* Build configuration list for PBXProject "How To Solve It By Computer" */ = {
			isa = XCConfigurationList;
			buildConfigurations = (
				C6C3F54D1F915AB700B93619 /* Debug */,
				C6C3F54E1F915AB700B93619 /* Release */,
			);
			defaultConfigurationIsVisible = 0;
			defaultConfigurationName = Release;
		};
		C6C3F54F1F915AB700B93619 /* Build configuration list for PBXNativeTarget "How To Solve It By Computer" */ = {
			isa = XCConfigurationList;
			buildConfigurations = (
				C6C3F5501F915AB700B93619 /* Debug */,
				C6C3F5511F915AB700B93619 /* Release */,
			);
			defaultConfigurationIsVisible = 0;
			defaultConfigurationName = Release;
		};
		C6E8D3C71F91686800F6ABB7 /* Build configuration list for PBXNativeTarget "How To Solve It By ComputerTests" */ = {
			isa = XCConfigurationList;
			buildConfigurations = (
				C6E8D3C81F91686800F6ABB7 /* Debug */,
				C6E8D3C91F91686800F6ABB7 /* Release */,
			);
			defaultConfigurationIsVisible = 0;
			defaultConfigurationName = Release;
		};
/* End XCConfigurationList section */
	};
	rootObject = C6C3F5351F915AB700B93619 /* Project object */;
}
